// !$*UTF8*$!
{
	archiveVersion = 1;
	classes = {
	};
	objectVersion = 46;
	objects = {

/* Begin PBXBuildFile section */
		11356DDA1CF69C0C00CFA112 /* CustomNavigationDelegate.m in Sources */ = {isa = PBXBuildFile; fileRef = 11356DD91CF69C0C00CFA112 /* CustomNavigationDelegate.m */; };
		11356DDD1CF69D0500CFA112 /* CustomAnimator.m in Sources */ = {isa = PBXBuildFile; fileRef = 11356DDC1CF69D0500CFA112 /* CustomAnimator.m */; };
		11356E251CF6F68F00CFA112 /* SecondViewController.m in Sources */ = {isa = PBXBuildFile; fileRef = 11356E241CF6F68F00CFA112 /* SecondViewController.m */; };
		11695E6A1CF693B900164942 /* main.m in Sources */ = {isa = PBXBuildFile; fileRef = 11695E691CF693B900164942 /* main.m */; };
		11695E6D1CF693B900164942 /* AppDelegate.m in Sources */ = {isa = PBXBuildFile; fileRef = 11695E6C1CF693B900164942 /* AppDelegate.m */; };
		11695E701CF693B900164942 /* ViewController.m in Sources */ = {isa = PBXBuildFile; fileRef = 11695E6F1CF693B900164942 /* ViewController.m */; };
		11695E731CF693B900164942 /* Main.storyboard in Resources */ = {isa = PBXBuildFile; fileRef = 11695E711CF693B900164942 /* Main.storyboard */; };
		11695E751CF693B900164942 /* Assets.xcassets in Resources */ = {isa = PBXBuildFile; fileRef = 11695E741CF693B900164942 /* Assets.xcassets */; };
		11695E781CF693B900164942 /* LaunchScreen.storyboard in Resources */ = {isa = PBXBuildFile; fileRef = 11695E761CF693B900164942 /* LaunchScreen.storyboard */; };
		11695E831CF693BA00164942 /* CustomNavigationAnimationTests.m in Sources */ = {isa = PBXBuildFile; fileRef = 11695E821CF693BA00164942 /* CustomNavigationAnimationTests.m */; };
		11695E8E1CF693BA00164942 /* CustomNavigationAnimationUITests.m in Sources */ = {isa = PBXBuildFile; fileRef = 11695E8D1CF693BA00164942 /* CustomNavigationAnimationUITests.m */; };
/* End PBXBuildFile section */

/* Begin PBXContainerItemProxy section */
		11695E7F1CF693BA00164942 /* PBXContainerItemProxy */ = {
			isa = PBXContainerItemProxy;
			containerPortal = 11695E5D1CF693B900164942 /* Project object */;
			proxyType = 1;
			remoteGlobalIDString = 11695E641CF693B900164942;
			remoteInfo = CustomNavigationAnimation;
		};
		11695E8A1CF693BA00164942 /* PBXContainerItemProxy */ = {
			isa = PBXContainerItemProxy;
			containerPortal = 11695E5D1CF693B900164942 /* Project object */;
			proxyType = 1;
			remoteGlobalIDString = 11695E641CF693B900164942;
			remoteInfo = CustomNavigationAnimation;
		};
/* End PBXContainerItemProxy section */

/* Begin PBXFileReference section */
		11356DD81CF69C0C00CFA112 /* CustomNavigationDelegate.h */ = {isa = PBXFileReference; fileEncoding = 4; lastKnownFileType = sourcecode.c.h; path = CustomNavigationDelegate.h; sourceTree = "<group>"; };
		11356DD91CF69C0C00CFA112 /* CustomNavigationDelegate.m */ = {isa = PBXFileReference; fileEncoding = 4; lastKnownFileType = sourcecode.c.objc; path = CustomNavigationDelegate.m; sourceTree = "<group>"; };
		11356DDB1CF69D0500CFA112 /* CustomAnimator.h */ = {isa = PBXFileReference; fileEncoding = 4; lastKnownFileType = sourcecode.c.h; path = CustomAnimator.h; sourceTree = "<group>"; };
		11356DDC1CF69D0500CFA112 /* CustomAnimator.m */ = {isa = PBXFileReference; fileEncoding = 4; lastKnownFileType = sourcecode.c.objc; path = CustomAnimator.m; sourceTree = "<group>"; };
		11356E231CF6F68F00CFA112 /* SecondViewController.h */ = {isa = PBXFileReference; fileEncoding = 4; lastKnownFileType = sourcecode.c.h; path = SecondViewController.h; sourceTree = "<group>"; };
		11356E241CF6F68F00CFA112 /* SecondViewController.m */ = {isa = PBXFileReference; fileEncoding = 4; lastKnownFileType = sourcecode.c.objc; path = SecondViewController.m; sourceTree = "<group>"; };
		11695E651CF693B900164942 /* CustomNavigationAnimation.app */ = {isa = PBXFileReference; explicitFileType = wrapper.application; includeInIndex = 0; path = CustomNavigationAnimation.app; sourceTree = BUILT_PRODUCTS_DIR; };
		11695E691CF693B900164942 /* main.m */ = {isa = PBXFileReference; lastKnownFileType = sourcecode.c.objc; path = main.m; sourceTree = "<group>"; };
		11695E6B1CF693B900164942 /* AppDelegate.h */ = {isa = PBXFileReference; lastKnownFileType = sourcecode.c.h; path = AppDelegate.h; sourceTree = "<group>"; };
		11695E6C1CF693B900164942 /* AppDelegate.m */ = {isa = PBXFileReference; lastKnownFileType = sourcecode.c.objc; path = AppDelegate.m; sourceTree = "<group>"; };
		11695E6E1CF693B900164942 /* ViewController.h */ = {isa = PBXFileReference; lastKnownFileType = sourcecode.c.h; path = ViewController.h; sourceTree = "<group>"; };
		11695E6F1CF693B900164942 /* ViewController.m */ = {isa = PBXFileReference; lastKnownFileType = sourcecode.c.objc; path = ViewController.m; sourceTree = "<group>"; };
		11695E721CF693B900164942 /* Base */ = {isa = PBXFileReference; lastKnownFileType = file.storyboard; name = Base; path = Base.lproj/Main.storyboard; sourceTree = "<group>"; };
		11695E741CF693B900164942 /* Assets.xcassets */ = {isa = PBXFileReference; lastKnownFileType = folder.assetcatalog; path = Assets.xcassets; sourceTree = "<group>"; };
		11695E771CF693B900164942 /* Base */ = {isa = PBXFileReference; lastKnownFileType = file.storyboard; name = Base; path = Base.lproj/LaunchScreen.storyboard; sourceTree = "<group>"; };
		11695E791CF693B900164942 /* Info.plist */ = {isa = PBXFileReference; lastKnownFileType = text.plist.xml; path = Info.plist; sourceTree = "<group>"; };
		11695E7E1CF693BA00164942 /* CustomNavigationAnimationTests.xctest */ = {isa = PBXFileReference; explicitFileType = wrapper.cfbundle; includeInIndex = 0; path = CustomNavigationAnimationTests.xctest; sourceTree = BUILT_PRODUCTS_DIR; };
		11695E821CF693BA00164942 /* CustomNavigationAnimationTests.m */ = {isa = PBXFileReference; lastKnownFileType = sourcecode.c.objc; path = CustomNavigationAnimationTests.m; sourceTree = "<group>"; };
		11695E841CF693BA00164942 /* Info.plist */ = {isa = PBXFileReference; lastKnownFileType = text.plist.xml; path = Info.plist; sourceTree = "<group>"; };
		11695E891CF693BA00164942 /* CustomNavigationAnimationUITests.xctest */ = {isa = PBXFileReference; explicitFileType = wrapper.cfbundle; includeInIndex = 0; path = CustomNavigationAnimationUITests.xctest; sourceTree = BUILT_PRODUCTS_DIR; };
		11695E8D1CF693BA00164942 /* CustomNavigationAnimationUITests.m */ = {isa = PBXFileReference; lastKnownFileType = sourcecode.c.objc; path = CustomNavigationAnimationUITests.m; sourceTree = "<group>"; };
		11695E8F1CF693BA00164942 /* Info.plist */ = {isa = PBXFileReference; lastKnownFileType = text.plist.xml; path = Info.plist; sourceTree = "<group>"; };
/* End PBXFileReference section */

/* Begin PBXFrameworksBuildPhase section */
		11695E621CF693B900164942 /* Frameworks */ = {
			isa = PBXFrameworksBuildPhase;
			buildActionMask = 2147483647;
			files = (
			);
			runOnlyForDeploymentPostprocessing = 0;
		};
		11695E7B1CF693BA00164942 /* Frameworks */ = {
			isa = PBXFrameworksBuildPhase;
			buildActionMask = 2147483647;
			files = (
			);
			runOnlyForDeploymentPostprocessing = 0;
		};
		11695E861CF693BA00164942 /* Frameworks */ = {
			isa = PBXFrameworksBuildPhase;
			buildActionMask = 2147483647;
			files = (
			);
			runOnlyForDeploymentPostprocessing = 0;
		};
/* End PBXFrameworksBuildPhase section */

/* Begin PBXGroup section */
		11695E5C1CF693B900164942 = {
			isa = PBXGroup;
			children = (
				11695E671CF693B900164942 /* CustomNavigationAnimation */,
				11695E811CF693BA00164942 /* CustomNavigationAnimationTests */,
				11695E8C1CF693BA00164942 /* CustomNavigationAnimationUITests */,
				11695E661CF693B900164942 /* Products */,
			);
			sourceTree = "<group>";
		};
		11695E661CF693B900164942 /* Products */ = {
			isa = PBXGroup;
			children = (
				11695E651CF693B900164942 /* CustomNavigationAnimation.app */,
				11695E7E1CF693BA00164942 /* CustomNavigationAnimationTests.xctest */,
				11695E891CF693BA00164942 /* CustomNavigationAnimationUITests.xctest */,
			);
			name = Products;
			sourceTree = "<group>";
		};
		11695E671CF693B900164942 /* CustomNavigationAnimation */ = {
			isa = PBXGroup;
			children = (
				11695E6B1CF693B900164942 /* AppDelegate.h */,
				11695E6C1CF693B900164942 /* AppDelegate.m */,
				11695E6E1CF693B900164942 /* ViewController.h */,
				11695E6F1CF693B900164942 /* ViewController.m */,
				11356E231CF6F68F00CFA112 /* SecondViewController.h */,
				11356E241CF6F68F00CFA112 /* SecondViewController.m */,
				11356DD81CF69C0C00CFA112 /* CustomNavigationDelegate.h */,
				11356DD91CF69C0C00CFA112 /* CustomNavigationDelegate.m */,
				11356DDB1CF69D0500CFA112 /* CustomAnimator.h */,
				11356DDC1CF69D0500CFA112 /* CustomAnimator.m */,
				11695E711CF693B900164942 /* Main.storyboard */,
				11695E741CF693B900164942 /* Assets.xcassets */,
				11695E761CF693B900164942 /* LaunchScreen.storyboard */,
				11695E791CF693B900164942 /* Info.plist */,
				11695E681CF693B900164942 /* Supporting Files */,
			);
			path = CustomNavigationAnimation;
			sourceTree = "<group>";
		};
		11695E681CF693B900164942 /* Supporting Files */ = {
			isa = PBXGroup;
			children = (
				11695E691CF693B900164942 /* main.m */,
			);
			name = "Supporting Files";
			sourceTree = "<group>";
		};
		11695E811CF693BA00164942 /* CustomNavigationAnimationTests */ = {
			isa = PBXGroup;
			children = (
				11695E821CF693BA00164942 /* CustomNavigationAnimationTests.m */,
				11695E841CF693BA00164942 /* Info.plist */,
			);
			path = CustomNavigationAnimationTests;
			sourceTree = "<group>";
		};
		11695E8C1CF693BA00164942 /* CustomNavigationAnimationUITests */ = {
			isa = PBXGroup;
			children = (
				11695E8D1CF693BA00164942 /* CustomNavigationAnimationUITests.m */,
				11695E8F1CF693BA00164942 /* Info.plist */,
			);
			path = CustomNavigationAnimationUITests;
			sourceTree = "<group>";
		};
/* End PBXGroup section */

/* Begin PBXNativeTarget section */
		11695E641CF693B900164942 /* CustomNavigationAnimation */ = {
			isa = PBXNativeTarget;
			buildConfigurationList = 11695E921CF693BA00164942 /* Build configuration list for PBXNativeTarget "CustomNavigationAnimation" */;
			buildPhases = (
				11695E611CF693B900164942 /* Sources */,
				11695E621CF693B900164942 /* Frameworks */,
				11695E631CF693B900164942 /* Resources */,
			);
			buildRules = (
			);
			dependencies = (
			);
			name = CustomNavigationAnimation;
			productName = CustomNavigationAnimation;
			productReference = 11695E651CF693B900164942 /* CustomNavigationAnimation.app */;
			productType = "com.apple.product-type.application";
		};
		11695E7D1CF693BA00164942 /* CustomNavigationAnimationTests */ = {
			isa = PBXNativeTarget;
			buildConfigurationList = 11695E951CF693BA00164942 /* Build configuration list for PBXNativeTarget "CustomNavigationAnimationTests" */;
			buildPhases = (
				11695E7A1CF693BA00164942 /* Sources */,
				11695E7B1CF693BA00164942 /* Frameworks */,
				11695E7C1CF693BA00164942 /* Resources */,
			);
			buildRules = (
			);
			dependencies = (
				11695E801CF693BA00164942 /* PBXTargetDependency */,
			);
			name = CustomNavigationAnimationTests;
			productName = CustomNavigationAnimationTests;
			productReference = 11695E7E1CF693BA00164942 /* CustomNavigationAnimationTests.xctest */;
			productType = "com.apple.product-type.bundle.unit-test";
		};
		11695E881CF693BA00164942 /* CustomNavigationAnimationUITests */ = {
			isa = PBXNativeTarget;
			buildConfigurationList = 11695E981CF693BA00164942 /* Build configuration list for PBXNativeTarget "CustomNavigationAnimationUITests" */;
			buildPhases = (
				11695E851CF693BA00164942 /* Sources */,
				11695E861CF693BA00164942 /* Frameworks */,
				11695E871CF693BA00164942 /* Resources */,
			);
			buildRules = (
			);
			dependencies = (
				11695E8B1CF693BA00164942 /* PBXTargetDependency */,
			);
			name = CustomNavigationAnimationUITests;
			productName = CustomNavigationAnimationUITests;
			productReference = 11695E891CF693BA00164942 /* CustomNavigationAnimationUITests.xctest */;
			productType = "com.apple.product-type.bundle.ui-testing";
		};
/* End PBXNativeTarget section */

/* Begin PBXProject section */
		11695E5D1CF693B900164942 /* Project object */ = {
			isa = PBXProject;
			attributes = {
				LastUpgradeCheck = 0730;
				ORGANIZATIONNAME = "杨俊鹏";
				TargetAttributes = {
					11695E641CF693B900164942 = {
						CreatedOnToolsVersion = 7.3;
					};
					11695E7D1CF693BA00164942 = {
						CreatedOnToolsVersion = 7.3;
						TestTargetID = 11695E641CF693B900164942;
					};
					11695E881CF693BA00164942 = {
						CreatedOnToolsVersion = 7.3;
						TestTargetID = 11695E641CF693B900164942;
					};
				};
			};
			buildConfigurationList = 11695E601CF693B900164942 /* Build configuration list for PBXProject "CustomNavigationAnimation" */;
			compatibilityVersion = "Xcode 3.2";
			developmentRegion = English;
			hasScannedForEncodings = 0;
			knownRegions = (
				en,
				Base,
			);
			mainGroup = 11695E5C1CF693B900164942;
			productRefGroup = 11695E661CF693B900164942 /* Products */;
			projectDirPath = "";
			projectRoot = "";
			targets = (
				11695E641CF693B900164942 /* CustomNavigationAnimation */,
				11695E7D1CF693BA00164942 /* CustomNavigationAnimationTests */,
				11695E881CF693BA00164942 /* CustomNavigationAnimationUITests */,
			);
		};
/* End PBXProject section */

/* Begin PBXResourcesBuildPhase section */
		11695E631CF693B900164942 /* Resources */ = {
			isa = PBXResourcesBuildPhase;
			buildActionMask = 2147483647;
			files = (
				11695E781CF693B900164942 /* LaunchScreen.storyboard in Resources */,
				11695E751CF693B900164942 /* Assets.xcassets in Resources */,
				11695E731CF693B900164942 /* Main.storyboard in Resources */,
			);
			runOnlyForDeploymentPostprocessing = 0;
		};
		11695E7C1CF693BA00164942 /* Resources */ = {
			isa = PBXResourcesBuildPhase;
			buildActionMask = 2147483647;
			files = (
			);
			runOnlyForDeploymentPostprocessing = 0;
		};
		11695E871CF693BA00164942 /* Resources */ = {
			isa = PBXResourcesBuildPhase;
			buildActionMask = 2147483647;
			files = (
			);
			runOnlyForDeploymentPostprocessing = 0;
		};
/* End PBXResourcesBuildPhase section */

/* Begin PBXSourcesBuildPhase section */
		11695E611CF693B900164942 /* Sources */ = {
			isa = PBXSourcesBuildPhase;
			buildActionMask = 2147483647;
			files = (
				11356E251CF6F68F00CFA112 /* SecondViewController.m in Sources */,
				11356DDD1CF69D0500CFA112 /* CustomAnimator.m in Sources */,
				11695E701CF693B900164942 /* ViewController.m in Sources */,
				11695E6D1CF693B900164942 /* AppDelegate.m in Sources */,
				11695E6A1CF693B900164942 /* main.m in Sources */,
				11356DDA1CF69C0C00CFA112 /* CustomNavigationDelegate.m in Sources */,
			);
			runOnlyForDeploymentPostprocessing = 0;
		};
		11695E7A1CF693BA00164942 /* Sources */ = {
			isa = PBXSourcesBuildPhase;
			buildActionMask = 2147483647;
			files = (
				11695E831CF693BA00164942 /* CustomNavigationAnimationTests.m in Sources */,
			);
			runOnlyForDeploymentPostprocessing = 0;
		};
		11695E851CF693BA00164942 /* Sources */ = {
			isa = PBXSourcesBuildPhase;
			buildActionMask = 2147483647;
			files = (
				11695E8E1CF693BA00164942 /* CustomNavigationAnimationUITests.m in Sources */,
			);
			runOnlyForDeploymentPostprocessing = 0;
		};
/* End PBXSourcesBuildPhase section */

/* Begin PBXTargetDependency section */
		11695E801CF693BA00164942 /* PBXTargetDependency */ = {
			isa = PBXTargetDependency;
			target = 11695E641CF693B900164942 /* CustomNavigationAnimation */;
			targetProxy = 11695E7F1CF693BA00164942 /* PBXContainerItemProxy */;
		};
		11695E8B1CF693BA00164942 /* PBXTargetDependency */ = {
			isa = PBXTargetDependency;
			target = 11695E641CF693B900164942 /* CustomNavigationAnimation */;
			targetProxy = 11695E8A1CF693BA00164942 /* PBXContainerItemProxy */;
		};
/* End PBXTargetDependency section */

/* Begin PBXVariantGroup section */
		11695E711CF693B900164942 /* Main.storyboard */ = {
			isa = PBXVariantGroup;
			children = (
				11695E721CF693B900164942 /* Base */,
			);
			name = Main.storyboard;
			sourceTree = "<group>";
		};
		11695E761CF693B900164942 /* LaunchScreen.storyboard */ = {
			isa = PBXVariantGroup;
			children = (
				11695E771CF693B900164942 /* Base */,
			);
			name = LaunchScreen.storyboard;
			sourceTree = "<group>";
		};
/* End PBXVariantGroup section */

/* Begin XCBuildConfiguration section */
		11695E901CF693BA00164942 /* Debug */ = {
			isa = XCBuildConfiguration;
			buildSettings = {
				ALWAYS_SEARCH_USER_PATHS = NO;
				CLANG_ANALYZER_NONNULL = YES;
				CLANG_CXX_LANGUAGE_STANDARD = "gnu++0x";
				CLANG_CXX_LIBRARY = "libc++";
				CLANG_ENABLE_MODULES = YES;
				CLANG_ENABLE_OBJC_ARC = YES;
				CLANG_WARN_BOOL_CONVERSION = YES;
				CLANG_WARN_CONSTANT_CONVERSION = YES;
				CLANG_WARN_DIRECT_OBJC_ISA_USAGE = YES_ERROR;
				CLANG_WARN_EMPTY_BODY = YES;
				CLANG_WARN_ENUM_CONVERSION = YES;
				CLANG_WARN_INT_CONVERSION = YES;
				CLANG_WARN_OBJC_ROOT_CLASS = YES_ERROR;
				CLANG_WARN_UNREACHABLE_CODE = YES;
				CLANG_WARN__DUPLICATE_METHOD_MATCH = YES;
				"CODE_SIGN_IDENTITY[sdk=iphoneos*]" = "iPhone Developer";
				COPY_PHASE_STRIP = NO;
				DEBUG_INFORMATION_FORMAT = dwarf;
				ENABLE_STRICT_OBJC_MSGSEND = YES;
				ENABLE_TESTABILITY = YES;
				GCC_C_LANGUAGE_STANDARD = gnu99;
				GCC_DYNAMIC_NO_PIC = NO;
				GCC_NO_COMMON_BLOCKS = YES;
				GCC_OPTIMIZATION_LEVEL = 0;
				GCC_PREPROCESSOR_DEFINITIONS = (
					"DEBUG=1",
					"$(inherited)",
				);
				GCC_WARN_64_TO_32_BIT_CONVERSION = YES;
				GCC_WARN_ABOUT_RETURN_TYPE = YES_ERROR;
				GCC_WARN_UNDECLARED_SELECTOR = YES;
				GCC_WARN_UNINITIALIZED_AUTOS = YES_AGGRESSIVE;
				GCC_WARN_UNUSED_FUNCTION = YES;
				GCC_WARN_UNUSED_VARIABLE = YES;
				IPHONEOS_DEPLOYMENT_TARGET = 9.3;
				MTL_ENABLE_DEBUG_INFO = YES;
				ONLY_ACTIVE_ARCH = YES;
				SDKROOT = iphoneos;
				TARGETED_DEVICE_FAMILY = "1,2";
			};
			name = Debug;
		};
		11695E911CF693BA00164942 /* Release */ = {
			isa = XCBuildConfiguration;
			buildSettings = {
				ALWAYS_SEARCH_USER_PATHS = NO;
				CLANG_ANALYZER_NONNULL = YES;
				CLANG_CXX_LANGUAGE_STANDARD = "gnu++0x";
				CLANG_CXX_LIBRARY = "libc++";
				CLANG_ENABLE_MODULES = YES;
				CLANG_ENABLE_OBJC_ARC = YES;
				CLANG_WARN_BOOL_CONVERSION = YES;
				CLANG_WARN_CONSTANT_CONVERSION = YES;
				CLANG_WARN_DIRECT_OBJC_ISA_USAGE = YES_ERROR;
				CLANG_WARN_EMPTY_BODY = YES;
				CLANG_WARN_ENUM_CONVERSION = YES;
				CLANG_WARN_INT_CONVERSION = YES;
				CLANG_WARN_OBJC_ROOT_CLASS = YES_ERROR;
				CLANG_WARN_UNREACHABLE_CODE = YES;
				CLANG_WARN__DUPLICATE_METHOD_MATCH = YES;
				"CODE_SIGN_IDENTITY[sdk=iphoneos*]" = "iPhone Developer";
				COPY_PHASE_STRIP = NO;
				DEBUG_INFORMATION_FORMAT = "dwarf-with-dsym";
				ENABLE_NS_ASSERTIONS = NO;
				ENABLE_STRICT_OBJC_MSGSEND = YES;
				GCC_C_LANGUAGE_STANDARD = gnu99;
				GCC_NO_COMMON_BLOCKS = YES;
				GCC_WARN_64_TO_32_BIT_CONVERSION = YES;
				GCC_WARN_ABOUT_RETURN_TYPE = YES_ERROR;
				GCC_WARN_UNDECLARED_SELECTOR = YES;
				GCC_WARN_UNINITIALIZED_AUTOS = YES_AGGRESSIVE;
				GCC_WARN_UNUSED_FUNCTION = YES;
				GCC_WARN_UNUSED_VARIABLE = YES;
				IPHONEOS_DEPLOYMENT_TARGET = 9.3;
				MTL_ENABLE_DEBUG_INFO = NO;
				SDKROOT = iphoneos;
				TARGETED_DEVICE_FAMILY = "1,2";
				VALIDATE_PRODUCT = YES;
			};
			name = Release;
		};
		11695E931CF693BA00164942 /* Debug */ = {
			isa = XCBuildConfiguration;
			buildSettings = {
				ASSETCATALOG_COMPILER_APPICON_NAME = AppIcon;
				INFOPLIST_FILE = CustomNavigationAnimation/Info.plist;
				LD_RUNPATH_SEARCH_PATHS = "$(inherited) @executable_path/Frameworks";
				PRODUCT_BUNDLE_IDENTIFIER = "dev-yang.CustomNavigationAnimation";
				PRODUCT_NAME = "$(TARGET_NAME)";
			};
			name = Debug;
		};
		11695E941CF693BA00164942 /* Release */ = {
			isa = XCBuildConfiguration;
			buildSettings = {
				ASSETCATALOG_COMPILER_APPICON_NAME = AppIcon;
				INFOPLIST_FILE = CustomNavigationAnimation/Info.plist;
				LD_RUNPATH_SEARCH_PATHS = "$(inherited) @executable_path/Frameworks";
				PRODUCT_BUNDLE_IDENTIFIER = "dev-yang.CustomNavigationAnimation";
				PRODUCT_NAME = "$(TARGET_NAME)";
			};
			name = Release;
		};
		11695E961CF693BA00164942 /* Debug */ = {
			isa = XCBuildConfiguration;
			buildSettings = {
				BUNDLE_LOADER = "$(TEST_HOST)";
				INFOPLIST_FILE = CustomNavigationAnimationTests/Info.plist;
				LD_RUNPATH_SEARCH_PATHS = "$(inherited) @executable_path/Frameworks @loader_path/Frameworks";
				PRODUCT_BUNDLE_IDENTIFIER = "dev-yang.CustomNavigationAnimationTests";
				PRODUCT_NAME = "$(TARGET_NAME)";
				TEST_HOST = "$(BUILT_PRODUCTS_DIR)/CustomNavigationAnimation.app/CustomNavigationAnimation";
			};
			name = Debug;
		};
		11695E971CF693BA00164942 /* Release */ = {
			isa = XCBuildConfiguration;
			buildSettings = {
				BUNDLE_LOADER = "$(TEST_HOST)";
				INFOPLIST_FILE = CustomNavigationAnimationTests/Info.plist;
				LD_RUNPATH_SEARCH_PATHS = "$(inherited) @executable_path/Frameworks @loader_path/Frameworks";
				PRODUCT_BUNDLE_IDENTIFIER = "dev-yang.CustomNavigationAnimationTests";
				PRODUCT_NAME = "$(TARGET_NAME)";
				TEST_HOST = "$(BUILT_PRODUCTS_DIR)/CustomNavigationAnimation.app/CustomNavigationAnimation";
			};
			name = Release;
		};
		11695E991CF693BA00164942 /* Debug */ = {
			isa = XCBuildConfiguration;
			buildSettings = {
				INFOPLIST_FILE = CustomNavigationAnimationUITests/Info.plist;
				LD_RUNPATH_SEARCH_PATHS = "$(inherited) @executable_path/Frameworks @loader_path/Frameworks";
				PRODUCT_BUNDLE_IDENTIFIER = "dev-yang.CustomNavigationAnimationUITests";
				PRODUCT_NAME = "$(TARGET_NAME)";
				TEST_TARGET_NAME = CustomNavigationAnimation;
			};
			name = Debug;
		};
		11695E9A1CF693BA00164942 /* Release */ = {
			isa = XCBuildConfiguration;
			buildSettings = {
				INFOPLIST_FILE = CustomNavigationAnimationUITests/Info.plist;
				LD_RUNPATH_SEARCH_PATHS = "$(inherited) @executable_path/Frameworks @loader_path/Frameworks";
				PRODUCT_BUNDLE_IDENTIFIER = "dev-yang.CustomNavigationAnimationUITests";
				PRODUCT_NAME = "$(TARGET_NAME)";
				TEST_TARGET_NAME = CustomNavigationAnimation;
			};
			name = Release;
		};
/* End XCBuildConfiguration section */

/* Begin XCConfigurationList section */
		11695E601CF693B900164942 /* Build configuration list for PBXProject "CustomNavigationAnimation" */ = {
			isa = XCConfigurationList;
			buildConfigurations = (
				11695E901CF693BA00164942 /* Debug */,
				11695E911CF693BA00164942 /* Release */,
			);
			defaultConfigurationIsVisible = 0;
			defaultConfigurationName = Release;
		};
		11695E921CF693BA00164942 /* Build configuration list for PBXNativeTarget "CustomNavigationAnimation" */ = {
			isa = XCConfigurationList;
			buildConfigurations = (
				11695E931CF693BA00164942 /* Debug */,
				11695E941CF693BA00164942 /* Release */,
			);
			defaultConfigurationIsVisible = 0;
			defaultConfigurationName = Release;
		};
		11695E951CF693BA00164942 /* Build configuration list for PBXNativeTarget "CustomNavigationAnimationTests" */ = {
			isa = XCConfigurationList;
			buildConfigurations = (
				11695E961CF693BA00164942 /* Debug */,
				11695E971CF693BA00164942 /* Release */,
			);
			defaultConfigurationIsVisible = 0;
			defaultConfigurationName = Release;
		};
		11695E981CF693BA00164942 /* Build configuration list for PBXNativeTarget "CustomNavigationAnimationUITests" */ = {
			isa = XCConfigurationList;
			buildConfigurations = (
				11695E991CF693BA00164942 /* Debug */,
				11695E9A1CF693BA00164942 /* Release */,
			);
			defaultConfigurationIsVisible = 0;
			defaultConfigurationName = Release;
		};
/* End XCConfigurationList section */
	};
	rootObject = 11695E5D1CF693B900164942 /* Project object */;
}
